// !$*UTF8*$!
{
	archiveVersion = 1;
	classes = {
	};
	objectVersion = 55;
	objects = {

/* Begin PBXBuildFile section */
		14269B37517E5130393EC19E /* Pods_EnparaCaseTests.framework in Frameworks */ = {isa = PBXBuildFile; fileRef = A415CB14798158FA45B84E40 /* Pods_EnparaCaseTests.framework */; };
		3C3213491106CA7030525D14 /* Pods_EnparaCase.framework in Frameworks */ = {isa = PBXBuildFile; fileRef = 106D00358EAECA6D70710A85 /* Pods_EnparaCase.framework */; };
		C008361F28A2A0A0007E2305 /* AppDelegate.swift in Sources */ = {isa = PBXBuildFile; fileRef = C008361E28A2A0A0007E2305 /* AppDelegate.swift */; };
		C008362128A2A0A0007E2305 /* SceneDelegate.swift in Sources */ = {isa = PBXBuildFile; fileRef = C008362028A2A0A0007E2305 /* SceneDelegate.swift */; };
		C008362328A2A0A0007E2305 /* ViewController.swift in Sources */ = {isa = PBXBuildFile; fileRef = C008362228A2A0A0007E2305 /* ViewController.swift */; };
		C008362628A2A0A0007E2305 /* Main.storyboard in Resources */ = {isa = PBXBuildFile; fileRef = C008362428A2A0A0007E2305 /* Main.storyboard */; };
		C008362828A2A0A1007E2305 /* Assets.xcassets in Resources */ = {isa = PBXBuildFile; fileRef = C008362728A2A0A1007E2305 /* Assets.xcassets */; };
		C008362B28A2A0A1007E2305 /* LaunchScreen.storyboard in Resources */ = {isa = PBXBuildFile; fileRef = C008362928A2A0A1007E2305 /* LaunchScreen.storyboard */; };
		C018C67D28A2A7D0006A2858 /* EnparaCaseTests.swift in Sources */ = {isa = PBXBuildFile; fileRef = C018C67C28A2A7D0006A2858 /* EnparaCaseTests.swift */; };
		C018C68528A2A930006A2858 /* NetworkManager.swift in Sources */ = {isa = PBXBuildFile; fileRef = C018C68428A2A930006A2858 /* NetworkManager.swift */; };
		C018C68828A2AEF7006A2858 /* DataDecoder.swift in Sources */ = {isa = PBXBuildFile; fileRef = C018C68728A2AEF7006A2858 /* DataDecoder.swift */; };
/* End PBXBuildFile section */

/* Begin PBXContainerItemProxy section */
		C018C67E28A2A7D0006A2858 /* PBXContainerItemProxy */ = {
			isa = PBXContainerItemProxy;
			containerPortal = C008361328A2A0A0007E2305 /* Project object */;
			proxyType = 1;
			remoteGlobalIDString = C008361A28A2A0A0007E2305;
			remoteInfo = EnparaCase;
		};
/* End PBXContainerItemProxy section */

/* Begin PBXFileReference section */
		106D00358EAECA6D70710A85 /* Pods_EnparaCase.framework */ = {isa = PBXFileReference; explicitFileType = wrapper.framework; includeInIndex = 0; path = Pods_EnparaCase.framework; sourceTree = BUILT_PRODUCTS_DIR; };
		2B14972BC3CE3FB4CB77D31C /* Pods-EnparaCaseTests.debug.xcconfig */ = {isa = PBXFileReference; includeInIndex = 1; lastKnownFileType = text.xcconfig; name = "Pods-EnparaCaseTests.debug.xcconfig"; path = "Target Support Files/Pods-EnparaCaseTests/Pods-EnparaCaseTests.debug.xcconfig"; sourceTree = "<group>"; };
		2BD7A734ED97DE27F0609BC5 /* Pods-EnparaCase.release.xcconfig */ = {isa = PBXFileReference; includeInIndex = 1; lastKnownFileType = text.xcconfig; name = "Pods-EnparaCase.release.xcconfig"; path = "Target Support Files/Pods-EnparaCase/Pods-EnparaCase.release.xcconfig"; sourceTree = "<group>"; };
		30D2BEFC1D5977ABF500C3E7 /* Pods-EnparaCase.debug.xcconfig */ = {isa = PBXFileReference; includeInIndex = 1; lastKnownFileType = text.xcconfig; name = "Pods-EnparaCase.debug.xcconfig"; path = "Target Support Files/Pods-EnparaCase/Pods-EnparaCase.debug.xcconfig"; sourceTree = "<group>"; };
		3908AE5DC29A44DAC50CA704 /* Pods-EnparaCaseTests.release.xcconfig */ = {isa = PBXFileReference; includeInIndex = 1; lastKnownFileType = text.xcconfig; name = "Pods-EnparaCaseTests.release.xcconfig"; path = "Target Support Files/Pods-EnparaCaseTests/Pods-EnparaCaseTests.release.xcconfig"; sourceTree = "<group>"; };
		A415CB14798158FA45B84E40 /* Pods_EnparaCaseTests.framework */ = {isa = PBXFileReference; explicitFileType = wrapper.framework; includeInIndex = 0; path = Pods_EnparaCaseTests.framework; sourceTree = BUILT_PRODUCTS_DIR; };
		C008361B28A2A0A0007E2305 /* EnparaCase.app */ = {isa = PBXFileReference; explicitFileType = wrapper.application; includeInIndex = 0; path = EnparaCase.app; sourceTree = BUILT_PRODUCTS_DIR; };
		C008361E28A2A0A0007E2305 /* AppDelegate.swift */ = {isa = PBXFileReference; lastKnownFileType = sourcecode.swift; path = AppDelegate.swift; sourceTree = "<group>"; };
		C008362028A2A0A0007E2305 /* SceneDelegate.swift */ = {isa = PBXFileReference; lastKnownFileType = sourcecode.swift; path = SceneDelegate.swift; sourceTree = "<group>"; };
		C008362228A2A0A0007E2305 /* ViewController.swift */ = {isa = PBXFileReference; lastKnownFileType = sourcecode.swift; path = ViewController.swift; sourceTree = "<group>"; };
		C008362528A2A0A0007E2305 /* Base */ = {isa = PBXFileReference; lastKnownFileType = file.storyboard; name = Base; path = Base.lproj/Main.storyboard; sourceTree = "<group>"; };
		C008362728A2A0A1007E2305 /* Assets.xcassets */ = {isa = PBXFileReference; lastKnownFileType = folder.assetcatalog; path = Assets.xcassets; sourceTree = "<group>"; };
		C008362A28A2A0A1007E2305 /* Base */ = {isa = PBXFileReference; lastKnownFileType = file.storyboard; name = Base; path = Base.lproj/LaunchScreen.storyboard; sourceTree = "<group>"; };
		C008362C28A2A0A1007E2305 /* Info.plist */ = {isa = PBXFileReference; lastKnownFileType = text.plist.xml; path = Info.plist; sourceTree = "<group>"; };
		C018C67A28A2A7D0006A2858 /* EnparaCaseTests.xctest */ = {isa = PBXFileReference; explicitFileType = wrapper.cfbundle; includeInIndex = 0; path = EnparaCaseTests.xctest; sourceTree = BUILT_PRODUCTS_DIR; };
		C018C67C28A2A7D0006A2858 /* EnparaCaseTests.swift */ = {isa = PBXFileReference; lastKnownFileType = sourcecode.swift; path = EnparaCaseTests.swift; sourceTree = "<group>"; };
		C018C68428A2A930006A2858 /* NetworkManager.swift */ = {isa = PBXFileReference; lastKnownFileType = sourcecode.swift; path = NetworkManager.swift; sourceTree = "<group>"; };
		C018C68728A2AEF7006A2858 /* DataDecoder.swift */ = {isa = PBXFileReference; lastKnownFileType = sourcecode.swift; path = DataDecoder.swift; sourceTree = "<group>"; };
/* End PBXFileReference section */

/* Begin PBXFrameworksBuildPhase section */
		C008361828A2A0A0007E2305 /* Frameworks */ = {
			isa = PBXFrameworksBuildPhase;
			buildActionMask = 2147483647;
			files = (
				3C3213491106CA7030525D14 /* Pods_EnparaCase.framework in Frameworks */,
			);
			runOnlyForDeploymentPostprocessing = 0;
		};
		C018C67728A2A7D0006A2858 /* Frameworks */ = {
			isa = PBXFrameworksBuildPhase;
			buildActionMask = 2147483647;
			files = (
				14269B37517E5130393EC19E /* Pods_EnparaCaseTests.framework in Frameworks */,
			);
			runOnlyForDeploymentPostprocessing = 0;
		};
/* End PBXFrameworksBuildPhase section */

/* Begin PBXGroup section */
		4E74DE9E8D6F1E31898E1CD3 /* Frameworks */ = {
			isa = PBXGroup;
			children = (
				106D00358EAECA6D70710A85 /* Pods_EnparaCase.framework */,
				A415CB14798158FA45B84E40 /* Pods_EnparaCaseTests.framework */,
			);
			name = Frameworks;
			sourceTree = "<group>";
		};
		C008361228A2A0A0007E2305 = {
			isa = PBXGroup;
			children = (
				C008361D28A2A0A0007E2305 /* EnparaCase */,
				C018C67B28A2A7D0006A2858 /* EnparaCaseTests */,
				C008361C28A2A0A0007E2305 /* Products */,
				D2F7D6657DB945E2340832DE /* Pods */,
				4E74DE9E8D6F1E31898E1CD3 /* Frameworks */,
			);
			sourceTree = "<group>";
		};
		C008361C28A2A0A0007E2305 /* Products */ = {
			isa = PBXGroup;
			children = (
				C008361B28A2A0A0007E2305 /* EnparaCase.app */,
				C018C67A28A2A7D0006A2858 /* EnparaCaseTests.xctest */,
			);
			name = Products;
			sourceTree = "<group>";
		};
		C008361D28A2A0A0007E2305 /* EnparaCase */ = {
			isa = PBXGroup;
			children = (
				C018C66528A2A657006A2858 /* Utils */,
				C018C66428A2A64E006A2858 /* Models */,
				C018C66328A2A5B0006A2858 /* Components */,
				C018C66228A2A59E006A2858 /* Storyboards */,
				C018C66128A2A58A006A2858 /* Modules */,
				C018C66028A2A581006A2858 /* CoreApp */,
				C008362C28A2A0A1007E2305 /* Info.plist */,
			);
			path = EnparaCase;
			sourceTree = "<group>";
		};
		C018C66028A2A581006A2858 /* CoreApp */ = {
			isa = PBXGroup;
			children = (
				C008362728A2A0A1007E2305 /* Assets.xcassets */,
				C008361E28A2A0A0007E2305 /* AppDelegate.swift */,
				C008362028A2A0A0007E2305 /* SceneDelegate.swift */,
			);
			path = CoreApp;
			sourceTree = "<group>";
		};
		C018C66128A2A58A006A2858 /* Modules */ = {
			isa = PBXGroup;
			children = (
				C008362228A2A0A0007E2305 /* ViewController.swift */,
			);
			path = Modules;
			sourceTree = "<group>";
		};
		C018C66228A2A59E006A2858 /* Storyboards */ = {
			isa = PBXGroup;
			children = (
				C008362928A2A0A1007E2305 /* LaunchScreen.storyboard */,
				C008362428A2A0A0007E2305 /* Main.storyboard */,
			);
			path = Storyboards;
			sourceTree = "<group>";
		};
		C018C66328A2A5B0006A2858 /* Components */ = {
			isa = PBXGroup;
			children = (
			);
			path = Components;
			sourceTree = "<group>";
		};
		C018C66428A2A64E006A2858 /* Models */ = {
			isa = PBXGroup;
			children = (
			);
			path = Models;
			sourceTree = "<group>";
		};
		C018C66528A2A657006A2858 /* Utils */ = {
			isa = PBXGroup;
			children = (
				C018C68628A2AEA4006A2858 /* Extensions */,
				C018C68328A2A922006A2858 /* Services */,
			);
			path = Utils;
			sourceTree = "<group>";
		};
		C018C67B28A2A7D0006A2858 /* EnparaCaseTests */ = {
			isa = PBXGroup;
			children = (
				C018C67C28A2A7D0006A2858 /* EnparaCaseTests.swift */,
			);
			path = EnparaCaseTests;
			sourceTree = "<group>";
		};
		C018C68328A2A922006A2858 /* Services */ = {
			isa = PBXGroup;
			children = (
				C018C68428A2A930006A2858 /* NetworkManager.swift */,
			);
			path = Services;
			sourceTree = "<group>";
		};
		C018C68628A2AEA4006A2858 /* Extensions */ = {
			isa = PBXGroup;
			children = (
				C018C68728A2AEF7006A2858 /* DataDecoder.swift */,
			);
			path = Extensions;
			sourceTree = "<group>";
		};
		D2F7D6657DB945E2340832DE /* Pods */ = {
			isa = PBXGroup;
			children = (
				30D2BEFC1D5977ABF500C3E7 /* Pods-EnparaCase.debug.xcconfig */,
				2BD7A734ED97DE27F0609BC5 /* Pods-EnparaCase.release.xcconfig */,
				2B14972BC3CE3FB4CB77D31C /* Pods-EnparaCaseTests.debug.xcconfig */,
				3908AE5DC29A44DAC50CA704 /* Pods-EnparaCaseTests.release.xcconfig */,
			);
			path = Pods;
			sourceTree = "<group>";
		};
/* End PBXGroup section */

/* Begin PBXNativeTarget section */
		C008361A28A2A0A0007E2305 /* EnparaCase */ = {
			isa = PBXNativeTarget;
			buildConfigurationList = C008362F28A2A0A1007E2305 /* Build configuration list for PBXNativeTarget "EnparaCase" */;
			buildPhases = (
				F0044BAF08DD58161D233C2D /* [CP] Check Pods Manifest.lock */,
				C018C65F28A2A42C006A2858 /* Run SwiftLint */,
				C008361728A2A0A0007E2305 /* Sources */,
				C008361828A2A0A0007E2305 /* Frameworks */,
				C008361928A2A0A0007E2305 /* Resources */,
				7A7E6D693D6983D839DEA810 /* [CP] Embed Pods Frameworks */,
			);
			buildRules = (
			);
			dependencies = (
			);
			name = EnparaCase;
			productName = EnparaCase;
			productReference = C008361B28A2A0A0007E2305 /* EnparaCase.app */;
			productType = "com.apple.product-type.application";
		};
		C018C67928A2A7D0006A2858 /* EnparaCaseTests */ = {
			isa = PBXNativeTarget;
			buildConfigurationList = C018C68228A2A7D0006A2858 /* Build configuration list for PBXNativeTarget "EnparaCaseTests" */;
			buildPhases = (
				F0ACB02013B7D2BD7AE60538 /* [CP] Check Pods Manifest.lock */,
				C018C67628A2A7D0006A2858 /* Sources */,
				C018C67728A2A7D0006A2858 /* Frameworks */,
				C018C67828A2A7D0006A2858 /* Resources */,
				DA0D26A8561608A76B614DA2 /* [CP] Embed Pods Frameworks */,
			);
			buildRules = (
			);
			dependencies = (
				C018C67F28A2A7D0006A2858 /* PBXTargetDependency */,
			);
			name = EnparaCaseTests;
			productName = EnparaCaseTests;
			productReference = C018C67A28A2A7D0006A2858 /* EnparaCaseTests.xctest */;
			productType = "com.apple.product-type.bundle.unit-test";
		};
/* End PBXNativeTarget section */

/* Begin PBXProject section */
		C008361328A2A0A0007E2305 /* Project object */ = {
			isa = PBXProject;
			attributes = {
				BuildIndependentTargetsInParallel = 1;
				LastSwiftUpdateCheck = 1340;
				LastUpgradeCheck = 1340;
				TargetAttributes = {
					C008361A28A2A0A0007E2305 = {
						CreatedOnToolsVersion = 13.4.1;
					};
					C018C67928A2A7D0006A2858 = {
						CreatedOnToolsVersion = 13.4.1;
						TestTargetID = C008361A28A2A0A0007E2305;
					};
				};
			};
			buildConfigurationList = C008361628A2A0A0007E2305 /* Build configuration list for PBXProject "EnparaCase" */;
			compatibilityVersion = "Xcode 13.0";
			developmentRegion = en;
			hasScannedForEncodings = 0;
			knownRegions = (
				en,
				Base,
			);
			mainGroup = C008361228A2A0A0007E2305;
			productRefGroup = C008361C28A2A0A0007E2305 /* Products */;
			projectDirPath = "";
			projectRoot = "";
			targets = (
				C008361A28A2A0A0007E2305 /* EnparaCase */,
				C018C67928A2A7D0006A2858 /* EnparaCaseTests */,
			);
		};
/* End PBXProject section */

/* Begin PBXResourcesBuildPhase section */
		C008361928A2A0A0007E2305 /* Resources */ = {
			isa = PBXResourcesBuildPhase;
			buildActionMask = 2147483647;
			files = (
				C008362B28A2A0A1007E2305 /* LaunchScreen.storyboard in Resources */,
				C008362828A2A0A1007E2305 /* Assets.xcassets in Resources */,
				C008362628A2A0A0007E2305 /* Main.storyboard in Resources */,
			);
			runOnlyForDeploymentPostprocessing = 0;
		};
		C018C67828A2A7D0006A2858 /* Resources */ = {
			isa = PBXResourcesBuildPhase;
			buildActionMask = 2147483647;
			files = (
			);
			runOnlyForDeploymentPostprocessing = 0;
		};
/* End PBXResourcesBuildPhase section */

/* Begin PBXShellScriptBuildPhase section */
		7A7E6D693D6983D839DEA810 /* [CP] Embed Pods Frameworks */ = {
			isa = PBXShellScriptBuildPhase;
			buildActionMask = 2147483647;
			files = (
			);
			inputFileListPaths = (
				"${PODS_ROOT}/Target Support Files/Pods-EnparaCase/Pods-EnparaCase-frameworks-${CONFIGURATION}-input-files.xcfilelist",
			);
			name = "[CP] Embed Pods Frameworks";
			outputFileListPaths = (
				"${PODS_ROOT}/Target Support Files/Pods-EnparaCase/Pods-EnparaCase-frameworks-${CONFIGURATION}-output-files.xcfilelist",
			);
			runOnlyForDeploymentPostprocessing = 0;
			shellPath = /bin/sh;
			shellScript = "\"${PODS_ROOT}/Target Support Files/Pods-EnparaCase/Pods-EnparaCase-frameworks.sh\"\n";
			showEnvVarsInLog = 0;
		};
		C018C65F28A2A42C006A2858 /* Run SwiftLint */ = {
			isa = PBXShellScriptBuildPhase;
			buildActionMask = 2147483647;
			files = (
			);
			inputFileListPaths = (
			);
			inputPaths = (
			);
			name = "Run SwiftLint";
			outputFileListPaths = (
			);
			outputPaths = (
			);
			runOnlyForDeploymentPostprocessing = 0;
			shellPath = /bin/sh;
			shellScript = "\"${PODS_ROOT}/SwiftLint/swiftlint\"\n";
		};
		DA0D26A8561608A76B614DA2 /* [CP] Embed Pods Frameworks */ = {
			isa = PBXShellScriptBuildPhase;
			buildActionMask = 2147483647;
			files = (
			);
			inputFileListPaths = (
				"${PODS_ROOT}/Target Support Files/Pods-EnparaCaseTests/Pods-EnparaCaseTests-frameworks-${CONFIGURATION}-input-files.xcfilelist",
			);
			name = "[CP] Embed Pods Frameworks";
			outputFileListPaths = (
				"${PODS_ROOT}/Target Support Files/Pods-EnparaCaseTests/Pods-EnparaCaseTests-frameworks-${CONFIGURATION}-output-files.xcfilelist",
			);
			runOnlyForDeploymentPostprocessing = 0;
			shellPath = /bin/sh;
			shellScript = "\"${PODS_ROOT}/Target Support Files/Pods-EnparaCaseTests/Pods-EnparaCaseTests-frameworks.sh\"\n";
			showEnvVarsInLog = 0;
		};
		F0044BAF08DD58161D233C2D /* [CP] Check Pods Manifest.lock */ = {
			isa = PBXShellScriptBuildPhase;
			buildActionMask = 2147483647;
			files = (
			);
			inputFileListPaths = (
			);
			inputPaths = (
				"${PODS_PODFILE_DIR_PATH}/Podfile.lock",
				"${PODS_ROOT}/Manifest.lock",
			);
			name = "[CP] Check Pods Manifest.lock";
			outputFileListPaths = (
			);
			outputPaths = (
				"$(DERIVED_FILE_DIR)/Pods-EnparaCase-checkManifestLockResult.txt",
			);
			runOnlyForDeploymentPostprocessing = 0;
			shellPath = /bin/sh;
			shellScript = "diff \"${PODS_PODFILE_DIR_PATH}/Podfile.lock\" \"${PODS_ROOT}/Manifest.lock\" > /dev/null\nif [ $? != 0 ] ; then\n    # print error to STDERR\n    echo \"error: The sandbox is not in sync with the Podfile.lock. Run 'pod install' or update your CocoaPods installation.\" >&2\n    exit 1\nfi\n# This output is used by Xcode 'outputs' to avoid re-running this script phase.\necho \"SUCCESS\" > \"${SCRIPT_OUTPUT_FILE_0}\"\n";
			showEnvVarsInLog = 0;
		};
		F0ACB02013B7D2BD7AE60538 /* [CP] Check Pods Manifest.lock */ = {
			isa = PBXShellScriptBuildPhase;
			buildActionMask = 2147483647;
			files = (
			);
			inputFileListPaths = (
			);
			inputPaths = (
				"${PODS_PODFILE_DIR_PATH}/Podfile.lock",
				"${PODS_ROOT}/Manifest.lock",
			);
			name = "[CP] Check Pods Manifest.lock";
			outputFileListPaths = (
			);
			outputPaths = (
				"$(DERIVED_FILE_DIR)/Pods-EnparaCaseTests-checkManifestLockResult.txt",
			);
			runOnlyForDeploymentPostprocessing = 0;
			shellPath = /bin/sh;
			shellScript = "diff \"${PODS_PODFILE_DIR_PATH}/Podfile.lock\" \"${PODS_ROOT}/Manifest.lock\" > /dev/null\nif [ $? != 0 ] ; then\n    # print error to STDERR\n    echo \"error: The sandbox is not in sync with the Podfile.lock. Run 'pod install' or update your CocoaPods installation.\" >&2\n    exit 1\nfi\n# This output is used by Xcode 'outputs' to avoid re-running this script phase.\necho \"SUCCESS\" > \"${SCRIPT_OUTPUT_FILE_0}\"\n";
			showEnvVarsInLog = 0;
		};
/* End PBXShellScriptBuildPhase section */

/* Begin PBXSourcesBuildPhase section */
		C008361728A2A0A0007E2305 /* Sources */ = {
			isa = PBXSourcesBuildPhase;
			buildActionMask = 2147483647;
			files = (
				C018C68828A2AEF7006A2858 /* DataDecoder.swift in Sources */,
				C018C68528A2A930006A2858 /* NetworkManager.swift in Sources */,
				C008362328A2A0A0007E2305 /* ViewController.swift in Sources */,
				C008361F28A2A0A0007E2305 /* AppDelegate.swift in Sources */,
				C008362128A2A0A0007E2305 /* SceneDelegate.swift in Sources */,
			);
			runOnlyForDeploymentPostprocessing = 0;
		};
		C018C67628A2A7D0006A2858 /* Sources */ = {
			isa = PBXSourcesBuildPhase;
			buildActionMask = 2147483647;
			files = (
				C018C67D28A2A7D0006A2858 /* EnparaCaseTests.swift in Sources */,
			);
			runOnlyForDeploymentPostprocessing = 0;
		};
/* End PBXSourcesBuildPhase section */

/* Begin PBXTargetDependency section */
		C018C67F28A2A7D0006A2858 /* PBXTargetDependency */ = {
			isa = PBXTargetDependency;
			target = C008361A28A2A0A0007E2305 /* EnparaCase */;
			targetProxy = C018C67E28A2A7D0006A2858 /* PBXContainerItemProxy */;
		};
/* End PBXTargetDependency section */

/* Begin PBXVariantGroup section */
		C008362428A2A0A0007E2305 /* Main.storyboard */ = {
			isa = PBXVariantGroup;
			children = (
				C008362528A2A0A0007E2305 /* Base */,
			);
			name = Main.storyboard;
			sourceTree = "<group>";
		};
		C008362928A2A0A1007E2305 /* LaunchScreen.storyboard */ = {
			isa = PBXVariantGroup;
			children = (
				C008362A28A2A0A1007E2305 /* Base */,
			);
			name = LaunchScreen.storyboard;
			sourceTree = "<group>";
		};
/* End PBXVariantGroup section */

/* Begin XCBuildConfiguration section */
		C008362D28A2A0A1007E2305 /* Debug */ = {
			isa = XCBuildConfiguration;
			buildSettings = {
				ALWAYS_SEARCH_USER_PATHS = NO;
				CLANG_ANALYZER_NONNULL = YES;
				CLANG_ANALYZER_NUMBER_OBJECT_CONVERSION = YES_AGGRESSIVE;
				CLANG_CXX_LANGUAGE_STANDARD = "gnu++17";
				CLANG_ENABLE_MODULES = YES;
				CLANG_ENABLE_OBJC_ARC = YES;
				CLANG_ENABLE_OBJC_WEAK = YES;
				CLANG_WARN_BLOCK_CAPTURE_AUTORELEASING = YES;
				CLANG_WARN_BOOL_CONVERSION = YES;
				CLANG_WARN_COMMA = YES;
				CLANG_WARN_CONSTANT_CONVERSION = YES;
				CLANG_WARN_DEPRECATED_OBJC_IMPLEMENTATIONS = YES;
				CLANG_WARN_DIRECT_OBJC_ISA_USAGE = YES_ERROR;
				CLANG_WARN_DOCUMENTATION_COMMENTS = YES;
				CLANG_WARN_EMPTY_BODY = YES;
				CLANG_WARN_ENUM_CONVERSION = YES;
				CLANG_WARN_INFINITE_RECURSION = YES;
				CLANG_WARN_INT_CONVERSION = YES;
				CLANG_WARN_NON_LITERAL_NULL_CONVERSION = YES;
				CLANG_WARN_OBJC_IMPLICIT_RETAIN_SELF = YES;
				CLANG_WARN_OBJC_LITERAL_CONVERSION = YES;
				CLANG_WARN_OBJC_ROOT_CLASS = YES_ERROR;
				CLANG_WARN_QUOTED_INCLUDE_IN_FRAMEWORK_HEADER = YES;
				CLANG_WARN_RANGE_LOOP_ANALYSIS = YES;
				CLANG_WARN_STRICT_PROTOTYPES = YES;
				CLANG_WARN_SUSPICIOUS_MOVE = YES;
				CLANG_WARN_UNGUARDED_AVAILABILITY = YES_AGGRESSIVE;
				CLANG_WARN_UNREACHABLE_CODE = YES;
				CLANG_WARN__DUPLICATE_METHOD_MATCH = YES;
				COPY_PHASE_STRIP = NO;
				DEBUG_INFORMATION_FORMAT = dwarf;
				ENABLE_STRICT_OBJC_MSGSEND = YES;
				ENABLE_TESTABILITY = YES;
				GCC_C_LANGUAGE_STANDARD = gnu11;
				GCC_DYNAMIC_NO_PIC = NO;
				GCC_NO_COMMON_BLOCKS = YES;
				GCC_OPTIMIZATION_LEVEL = 0;
				GCC_PREPROCESSOR_DEFINITIONS = (
					"DEBUG=1",
					"$(inherited)",
				);
				GCC_WARN_64_TO_32_BIT_CONVERSION = YES;
				GCC_WARN_ABOUT_RETURN_TYPE = YES_ERROR;
				GCC_WARN_UNDECLARED_SELECTOR = YES;
				GCC_WARN_UNINITIALIZED_AUTOS = YES_AGGRESSIVE;
				GCC_WARN_UNUSED_FUNCTION = YES;
				GCC_WARN_UNUSED_VARIABLE = YES;
				IPHONEOS_DEPLOYMENT_TARGET = 15.5;
				MTL_ENABLE_DEBUG_INFO = INCLUDE_SOURCE;
				MTL_FAST_MATH = YES;
				ONLY_ACTIVE_ARCH = YES;
				SDKROOT = iphoneos;
				SWIFT_ACTIVE_COMPILATION_CONDITIONS = DEBUG;
				SWIFT_OPTIMIZATION_LEVEL = "-Onone";
			};
			name = Debug;
		};
		C008362E28A2A0A1007E2305 /* Release */ = {
			isa = XCBuildConfiguration;
			buildSettings = {
				ALWAYS_SEARCH_USER_PATHS = NO;
				CLANG_ANALYZER_NONNULL = YES;
				CLANG_ANALYZER_NUMBER_OBJECT_CONVERSION = YES_AGGRESSIVE;
				CLANG_CXX_LANGUAGE_STANDARD = "gnu++17";
				CLANG_ENABLE_MODULES = YES;
				CLANG_ENABLE_OBJC_ARC = YES;
				CLANG_ENABLE_OBJC_WEAK = YES;
				CLANG_WARN_BLOCK_CAPTURE_AUTORELEASING = YES;
				CLANG_WARN_BOOL_CONVERSION = YES;
				CLANG_WARN_COMMA = YES;
				CLANG_WARN_CONSTANT_CONVERSION = YES;
				CLANG_WARN_DEPRECATED_OBJC_IMPLEMENTATIONS = YES;
				CLANG_WARN_DIRECT_OBJC_ISA_USAGE = YES_ERROR;
				CLANG_WARN_DOCUMENTATION_COMMENTS = YES;
				CLANG_WARN_EMPTY_BODY = YES;
				CLANG_WARN_ENUM_CONVERSION = YES;
				CLANG_WARN_INFINITE_RECURSION = YES;
				CLANG_WARN_INT_CONVERSION = YES;
				CLANG_WARN_NON_LITERAL_NULL_CONVERSION = YES;
				CLANG_WARN_OBJC_IMPLICIT_RETAIN_SELF = YES;
				CLANG_WARN_OBJC_LITERAL_CONVERSION = YES;
				CLANG_WARN_OBJC_ROOT_CLASS = YES_ERROR;
				CLANG_WARN_QUOTED_INCLUDE_IN_FRAMEWORK_HEADER = YES;
				CLANG_WARN_RANGE_LOOP_ANALYSIS = YES;
				CLANG_WARN_STRICT_PROTOTYPES = YES;
				CLANG_WARN_SUSPICIOUS_MOVE = YES;
				CLANG_WARN_UNGUARDED_AVAILABILITY = YES_AGGRESSIVE;
				CLANG_WARN_UNREACHABLE_CODE = YES;
				CLANG_WARN__DUPLICATE_METHOD_MATCH = YES;
				COPY_PHASE_STRIP = NO;
				DEBUG_INFORMATION_FORMAT = "dwarf-with-dsym";
				ENABLE_NS_ASSERTIONS = NO;
				ENABLE_STRICT_OBJC_MSGSEND = YES;
				GCC_C_LANGUAGE_STANDARD = gnu11;
				GCC_NO_COMMON_BLOCKS = YES;
				GCC_WARN_64_TO_32_BIT_CONVERSION = YES;
				GCC_WARN_ABOUT_RETURN_TYPE = YES_ERROR;
				GCC_WARN_UNDECLARED_SELECTOR = YES;
				GCC_WARN_UNINITIALIZED_AUTOS = YES_AGGRESSIVE;
				GCC_WARN_UNUSED_FUNCTION = YES;
				GCC_WARN_UNUSED_VARIABLE = YES;
				IPHONEOS_DEPLOYMENT_TARGET = 15.5;
				MTL_ENABLE_DEBUG_INFO = NO;
				MTL_FAST_MATH = YES;
				SDKROOT = iphoneos;
				SWIFT_COMPILATION_MODE = wholemodule;
				SWIFT_OPTIMIZATION_LEVEL = "-O";
				VALIDATE_PRODUCT = YES;
			};
			name = Release;
		};
		C008363028A2A0A1007E2305 /* Debug */ = {
			isa = XCBuildConfiguration;
			baseConfigurationReference = 30D2BEFC1D5977ABF500C3E7 /* Pods-EnparaCase.debug.xcconfig */;
			buildSettings = {
				ASSETCATALOG_COMPILER_APPICON_NAME = AppIcon;
				ASSETCATALOG_COMPILER_GLOBAL_ACCENT_COLOR_NAME = AccentColor;
				CODE_SIGN_STYLE = Automatic;
				CURRENT_PROJECT_VERSION = 1;
				DEVELOPMENT_TEAM = 6PALB6K8YY;
				GENERATE_INFOPLIST_FILE = YES;
				INFOPLIST_FILE = EnparaCase/Info.plist;
				INFOPLIST_KEY_UIApplicationSupportsIndirectInputEvents = YES;
				INFOPLIST_KEY_UILaunchStoryboardName = LaunchScreen;
				INFOPLIST_KEY_UIMainStoryboardFile = Main;
				INFOPLIST_KEY_UISupportedInterfaceOrientations_iPad = "UIInterfaceOrientationPortrait UIInterfaceOrientationPortraitUpsideDown UIInterfaceOrientationLandscapeLeft UIInterfaceOrientationLandscapeRight";
				INFOPLIST_KEY_UISupportedInterfaceOrientations_iPhone = "UIInterfaceOrientationPortrait UIInterfaceOrientationLandscapeLeft UIInterfaceOrientationLandscapeRight";
				LD_RUNPATH_SEARCH_PATHS = (
					"$(inherited)",
					"@executable_path/Frameworks",
				);
				MARKETING_VERSION = 1.0;
				PRODUCT_BUNDLE_IDENTIFIER = com.devmehmetates.EnparaCase;
				PRODUCT_NAME = "$(TARGET_NAME)";
				SWIFT_EMIT_LOC_STRINGS = YES;
				SWIFT_VERSION = 5.0;
				TARGETED_DEVICE_FAMILY = "1,2";
			};
			name = Debug;
		};
		C008363128A2A0A1007E2305 /* Release */ = {
			isa = XCBuildConfiguration;
			baseConfigurationReference = 2BD7A734ED97DE27F0609BC5 /* Pods-EnparaCase.release.xcconfig */;
			buildSettings = {
				ASSETCATALOG_COMPILER_APPICON_NAME = AppIcon;
				ASSETCATALOG_COMPILER_GLOBAL_ACCENT_COLOR_NAME = AccentColor;
				CODE_SIGN_STYLE = Automatic;
				CURRENT_PROJECT_VERSION = 1;
				DEVELOPMENT_TEAM = 6PALB6K8YY;
				GENERATE_INFOPLIST_FILE = YES;
				INFOPLIST_FILE = EnparaCase/Info.plist;
				INFOPLIST_KEY_UIApplicationSupportsIndirectInputEvents = YES;
				INFOPLIST_KEY_UILaunchStoryboardName = LaunchScreen;
				INFOPLIST_KEY_UIMainStoryboardFile = Main;
				INFOPLIST_KEY_UISupportedInterfaceOrientations_iPad = "UIInterfaceOrientationPortrait UIInterfaceOrientationPortraitUpsideDown UIInterfaceOrientationLandscapeLeft UIInterfaceOrientationLandscapeRight";
				INFOPLIST_KEY_UISupportedInterfaceOrientations_iPhone = "UIInterfaceOrientationPortrait UIInterfaceOrientationLandscapeLeft UIInterfaceOrientationLandscapeRight";
				LD_RUNPATH_SEARCH_PATHS = (
					"$(inherited)",
					"@executable_path/Frameworks",
				);
				MARKETING_VERSION = 1.0;
				PRODUCT_BUNDLE_IDENTIFIER = com.devmehmetates.EnparaCase;
				PRODUCT_NAME = "$(TARGET_NAME)";
				SWIFT_EMIT_LOC_STRINGS = YES;
				SWIFT_VERSION = 5.0;
				TARGETED_DEVICE_FAMILY = "1,2";
			};
			name = Release;
		};
		C018C68028A2A7D0006A2858 /* Debug */ = {
			isa = XCBuildConfiguration;
			baseConfigurationReference = 2B14972BC3CE3FB4CB77D31C /* Pods-EnparaCaseTests.debug.xcconfig */;
			buildSettings = {
				BUNDLE_LOADER = "$(TEST_HOST)";
				CODE_SIGN_STYLE = Automatic;
				CURRENT_PROJECT_VERSION = 1;
				DEVELOPMENT_TEAM = 6PALB6K8YY;
				GENERATE_INFOPLIST_FILE = YES;
				MARKETING_VERSION = 1.0;
				PRODUCT_BUNDLE_IDENTIFIER = com.devmehmetates.EnparaCaseTests;
				PRODUCT_NAME = "$(TARGET_NAME)";
				SWIFT_EMIT_LOC_STRINGS = NO;
				SWIFT_VERSION = 5.0;
				TARGETED_DEVICE_FAMILY = "1,2";
				TEST_HOST = "$(BUILT_PRODUCTS_DIR)/EnparaCase.app/EnparaCase";
			};
			name = Debug;
		};
		C018C68128A2A7D0006A2858 /* Release */ = {
			isa = XCBuildConfiguration;
			baseConfigurationReference = 3908AE5DC29A44DAC50CA704 /* Pods-EnparaCaseTests.release.xcconfig */;
			buildSettings = {
				BUNDLE_LOADER = "$(TEST_HOST)";
				CODE_SIGN_STYLE = Automatic;
				CURRENT_PROJECT_VERSION = 1;
				DEVELOPMENT_TEAM = 6PALB6K8YY;
				GENERATE_INFOPLIST_FILE = YES;
				MARKETING_VERSION = 1.0;
				PRODUCT_BUNDLE_IDENTIFIER = com.devmehmetates.EnparaCaseTests;
				PRODUCT_NAME = "$(TARGET_NAME)";
				SWIFT_EMIT_LOC_STRINGS = NO;
				SWIFT_VERSION = 5.0;
				TARGETED_DEVICE_FAMILY = "1,2";
				TEST_HOST = "$(BUILT_PRODUCTS_DIR)/EnparaCase.app/EnparaCase";
			};
			name = Release;
		};
/* End XCBuildConfiguration section */

/* Begin XCConfigurationList section */
		C008361628A2A0A0007E2305 /* Build configuration list for PBXProject "EnparaCase" */ = {
			isa = XCConfigurationList;
			buildConfigurations = (
				C008362D28A2A0A1007E2305 /* Debug */,
				C008362E28A2A0A1007E2305 /* Release */,
			);
			defaultConfigurationIsVisible = 0;
			defaultConfigurationName = Release;
		};
		C008362F28A2A0A1007E2305 /* Build configuration list for PBXNativeTarget "EnparaCase" */ = {
			isa = XCConfigurationList;
			buildConfigurations = (
				C008363028A2A0A1007E2305 /* Debug */,
				C008363128A2A0A1007E2305 /* Release */,
			);
			defaultConfigurationIsVisible = 0;
			defaultConfigurationName = Release;
		};
		C018C68228A2A7D0006A2858 /* Build configuration list for PBXNativeTarget "EnparaCaseTests" */ = {
			isa = XCConfigurationList;
			buildConfigurations = (
				C018C68028A2A7D0006A2858 /* Debug */,
				C018C68128A2A7D0006A2858 /* Release */,
			);
			defaultConfigurationIsVisible = 0;
			defaultConfigurationName = Release;
		};
/* End XCConfigurationList section */
	};
	rootObject = C008361328A2A0A0007E2305 /* Project object */;
}
